
Microsoft Visual Studio Solution File, Format Version 12.00
# Visual Studio Version 17
VisualStudioVersion = 17.5.33424.131
MinimumVisualStudioVersion = 10.0.40219.1
Project("{FAE04EC0-301F-11D3-BF4B-00C04F79EFBC}") = "TI_NET_2023_DemoTDD", "TI_NET_2023_DemoTDD\TI_NET_2023_DemoTDD.csproj", "{EE2E0718-DD92-4E8B-9EEC-C87F516FE814}"
EndProject
Project("{FAE04EC0-301F-11D3-BF4B-00C04F79EFBC}") = "TI_NET_2023_DemoTDD.Test", "TI_NET_2023_DemoTDD.Test\TI_NET_2023_DemoTDD.Test.csproj", "{296F2D28-A4DC-4C91-ACA0-5963AF145424}"
EndProject
Global
	GlobalSection(SolutionConfigurationPlatforms) = preSolution
		Debug|Any CPU = Debug|Any CPU
		Release|Any CPU = Release|Any CPU
	EndGlobalSection
	GlobalSection(ProjectConfigurationPlatforms) = postSolution
		{EE2E0718-DD92-4E8B-9EEC-C87F516FE814}.Debug|Any CPU.ActiveCfg = Debug|Any CPU
		{EE2E0718-DD92-4E8B-9EEC-C87F516FE814}.Debug|Any CPU.Build.0 = Debug|Any CPU
		{EE2E0718-DD92-4E8B-9EEC-C87F516FE814}.Release|Any CPU.ActiveCfg = Release|Any CPU
		{EE2E0718-DD92-4E8B-9EEC-C87F516FE814}.Release|Any CPU.Build.0 = Release|Any CPU
		{296F2D28-A4DC-4C91-ACA0-5963AF145424}.Debug|Any CPU.ActiveCfg = Debug|Any CPU
		{296F2D28-A4DC-4C91-ACA0-5963AF145424}.Debug|Any CPU.Build.0 = Debug|Any CPU
		{296F2D28-A4DC-4C91-ACA0-5963AF145424}.Release|Any CPU.ActiveCfg = Release|Any CPU
		{296F2D28-A4DC-4C91-ACA0-5963AF145424}.Release|Any CPU.Build.0 = Release|Any CPU
	EndGlobalSection
	GlobalSection(SolutionProperties) = preSolution
		HideSolutionNode = FALSE
	EndGlobalSection
	GlobalSection(ExtensibilityGlobals) = postSolution
		SolutionGuid = {3B1C2719-7AE4-4C7E-97F0-098CD1C5E676}
	EndGlobalSection
EndGlobal
